
Microsoft Visual Studio Solution File, Format Version 12.00
# Visual Studio 15
Project("{FAE04EC0-301F-11D3-BF4B-00C04F79EFBC}") = "vowelCount", "vowelCount\vowelCount.csproj", "{5E4641FC-420D-46D5-8FFC-8EF73156C777}"
EndProject
Project("{FAE04EC0-301F-11D3-BF4B-00C04F79EFBC}") = "ParityOutlier", "ParityOutlier\ParityOutlier.csproj", "{D5C65660-06CA-4D6D-92E6-AA032F1F59AF}"
EndProject
Project("{FAE04EC0-301F-11D3-BF4B-00C04F79EFBC}") = "CreatePhoneNumber", "CreatePhoneNumber\CreatePhoneNumber.csproj", "{EFFAECE1-8EB9-44CB-8088-5B01576B5A7A}"
EndProject
Global
	GlobalSection(SolutionConfigurationPlatforms) = preSolution
		Debug|Any CPU = Debug|Any CPU
		Release|Any CPU = Release|Any CPU
		Default|Any CPU = Default|Any CPU
	EndGlobalSection
	GlobalSection(ProjectConfigurationPlatforms) = postSolution
		{5E4641FC-420D-46D5-8FFC-8EF73156C777}.Debug|Any CPU.ActiveCfg = Debug|Any CPU
		{5E4641FC-420D-46D5-8FFC-8EF73156C777}.Debug|Any CPU.Build.0 = Debug|Any CPU
		{5E4641FC-420D-46D5-8FFC-8EF73156C777}.Release|Any CPU.ActiveCfg = Release|Any CPU
		{5E4641FC-420D-46D5-8FFC-8EF73156C777}.Release|Any CPU.Build.0 = Release|Any CPU
		{5E4641FC-420D-46D5-8FFC-8EF73156C777}.Default|Any CPU.ActiveCfg = Debug|Any CPU
		{5E4641FC-420D-46D5-8FFC-8EF73156C777}.Default|Any CPU.Build.0 = Debug|Any CPU
		{D5C65660-06CA-4D6D-92E6-AA032F1F59AF}.Debug|Any CPU.ActiveCfg = Debug|Any CPU
		{D5C65660-06CA-4D6D-92E6-AA032F1F59AF}.Debug|Any CPU.Build.0 = Debug|Any CPU
		{D5C65660-06CA-4D6D-92E6-AA032F1F59AF}.Release|Any CPU.ActiveCfg = Release|Any CPU
		{D5C65660-06CA-4D6D-92E6-AA032F1F59AF}.Release|Any CPU.Build.0 = Release|Any CPU
		{D5C65660-06CA-4D6D-92E6-AA032F1F59AF}.Default|Any CPU.ActiveCfg = Debug|Any CPU
		{D5C65660-06CA-4D6D-92E6-AA032F1F59AF}.Default|Any CPU.Build.0 = Debug|Any CPU
		{EFFAECE1-8EB9-44CB-8088-5B01576B5A7A}.Debug|Any CPU.ActiveCfg = Debug|Any CPU
		{EFFAECE1-8EB9-44CB-8088-5B01576B5A7A}.Debug|Any CPU.Build.0 = Debug|Any CPU
		{EFFAECE1-8EB9-44CB-8088-5B01576B5A7A}.Release|Any CPU.ActiveCfg = Release|Any CPU
		{EFFAECE1-8EB9-44CB-8088-5B01576B5A7A}.Release|Any CPU.Build.0 = Release|Any CPU
		{EFFAECE1-8EB9-44CB-8088-5B01576B5A7A}.Default|Any CPU.ActiveCfg = Debug|Any CPU
		{EFFAECE1-8EB9-44CB-8088-5B01576B5A7A}.Default|Any CPU.Build.0 = Debug|Any CPU
	EndGlobalSection
EndGlobal
